
Microsoft Visual Studio Solution File, Format Version 12.00
# Visual Studio 15
VisualStudioVersion = 15.0.28307.1800
MinimumVisualStudioVersion = 10.0.40219.1
Project("{FAE04EC0-301F-11D3-BF4B-00C04F79EFBC}") = "PRG2_21222_P4_1_1_84", "PRG2_21222_P4_1_1_84\PRG2_21222_P4_1_1_84.csproj", "{934267DD-3114-49B2-AEF9-2D578F6A906D}"
EndProject
Global
	GlobalSection(SolutionConfigurationPlatforms) = preSolution
		Debug|Any CPU = Debug|Any CPU
		Release|Any CPU = Release|Any CPU
	EndGlobalSection
	GlobalSection(ProjectConfigurationPlatforms) = postSolution
		{934267DD-3114-49B2-AEF9-2D578F6A906D}.Debug|Any CPU.ActiveCfg = Debug|Any CPU
		{934267DD-3114-49B2-AEF9-2D578F6A906D}.Debug|Any CPU.Build.0 = Debug|Any CPU
		{934267DD-3114-49B2-AEF9-2D578F6A906D}.Release|Any CPU.ActiveCfg = Release|Any CPU
		{934267DD-3114-49B2-AEF9-2D578F6A906D}.Release|Any CPU.Build.0 = Release|Any CPU
	EndGlobalSection
	GlobalSection(SolutionProperties) = preSolution
		HideSolutionNode = FALSE
	EndGlobalSection
	GlobalSection(ExtensibilityGlobals) = postSolution
		SolutionGuid = {DF07C0C4-7C72-4773-A054-26688D397980}
	EndGlobalSection
EndGlobal
