
Microsoft Visual Studio Solution File, Format Version 12.00
# Visual Studio 15
VisualStudioVersion = 15.0.28307.1800
MinimumVisualStudioVersion = 10.0.40219.1
Project("{FAE04EC0-301F-11D3-BF4B-00C04F79EFBC}") = "PRG2_21222_P4_1_3_84", "PRG2_21222_P4_1_3_84\PRG2_21222_P4_1_3_84.csproj", "{8F01E962-0D51-46C1-B0E0-627BE104275E}"
EndProject
Global
	GlobalSection(SolutionConfigurationPlatforms) = preSolution
		Debug|Any CPU = Debug|Any CPU
		Release|Any CPU = Release|Any CPU
	EndGlobalSection
	GlobalSection(ProjectConfigurationPlatforms) = postSolution
		{8F01E962-0D51-46C1-B0E0-627BE104275E}.Debug|Any CPU.ActiveCfg = Debug|Any CPU
		{8F01E962-0D51-46C1-B0E0-627BE104275E}.Debug|Any CPU.Build.0 = Debug|Any CPU
		{8F01E962-0D51-46C1-B0E0-627BE104275E}.Release|Any CPU.ActiveCfg = Release|Any CPU
		{8F01E962-0D51-46C1-B0E0-627BE104275E}.Release|Any CPU.Build.0 = Release|Any CPU
	EndGlobalSection
	GlobalSection(SolutionProperties) = preSolution
		HideSolutionNode = FALSE
	EndGlobalSection
	GlobalSection(ExtensibilityGlobals) = postSolution
		SolutionGuid = {7FA6CC62-BE13-4BB0-9237-C0EB6DB3261B}
	EndGlobalSection
EndGlobal
